
Microsoft Visual Studio Solution File, Format Version 12.00
# Visual Studio 2012
Project("{FAE04EC0-301F-11D3-BF4B-00C04F79EFBC}") = "Shop", "Shop\Shop.csproj", "{DED3FCAB-C034-4138-9278-F894A9B16B55}"
EndProject
Project("{FAE04EC0-301F-11D3-BF4B-00C04F79EFBC}") = "Businessmall", "Businessmall\Businessmall.csproj", "{CE3381A3-7984-44D0-B9D6-9FF9FEA81CB9}"
EndProject
Project("{FAE04EC0-301F-11D3-BF4B-00C04F79EFBC}") = "Shuttle", "Shuttle\Shuttle.csproj", "{33D3AF73-F579-43C1-A635-C273AC2CA7DF}"
EndProject
Project("{FAE04EC0-301F-11D3-BF4B-00C04F79EFBC}") = "Businessmall.Shop.Infrastructure", "Businessmall.Shop.Infrastructure\Businessmall.Shop.Infrastructure.csproj", "{C0A4BB1F-6D85-4D32-A233-D104D0E6BCD7}"
EndProject
Global
	GlobalSection(SolutionConfigurationPlatforms) = preSolution
		Debug|Any CPU = Debug|Any CPU
		Release|Any CPU = Release|Any CPU
	EndGlobalSection
	GlobalSection(ProjectConfigurationPlatforms) = postSolution
		{DED3FCAB-C034-4138-9278-F894A9B16B55}.Debug|Any CPU.ActiveCfg = Debug|Any CPU
		{DED3FCAB-C034-4138-9278-F894A9B16B55}.Debug|Any CPU.Build.0 = Debug|Any CPU
		{DED3FCAB-C034-4138-9278-F894A9B16B55}.Release|Any CPU.ActiveCfg = Release|Any CPU
		{DED3FCAB-C034-4138-9278-F894A9B16B55}.Release|Any CPU.Build.0 = Release|Any CPU
		{CE3381A3-7984-44D0-B9D6-9FF9FEA81CB9}.Debug|Any CPU.ActiveCfg = Debug|Any CPU
		{CE3381A3-7984-44D0-B9D6-9FF9FEA81CB9}.Debug|Any CPU.Build.0 = Debug|Any CPU
		{CE3381A3-7984-44D0-B9D6-9FF9FEA81CB9}.Release|Any CPU.ActiveCfg = Release|Any CPU
		{CE3381A3-7984-44D0-B9D6-9FF9FEA81CB9}.Release|Any CPU.Build.0 = Release|Any CPU
		{33D3AF73-F579-43C1-A635-C273AC2CA7DF}.Debug|Any CPU.ActiveCfg = Debug|Any CPU
		{33D3AF73-F579-43C1-A635-C273AC2CA7DF}.Debug|Any CPU.Build.0 = Debug|Any CPU
		{33D3AF73-F579-43C1-A635-C273AC2CA7DF}.Release|Any CPU.ActiveCfg = Release|Any CPU
		{33D3AF73-F579-43C1-A635-C273AC2CA7DF}.Release|Any CPU.Build.0 = Release|Any CPU
		{C0A4BB1F-6D85-4D32-A233-D104D0E6BCD7}.Debug|Any CPU.ActiveCfg = Debug|Any CPU
		{C0A4BB1F-6D85-4D32-A233-D104D0E6BCD7}.Debug|Any CPU.Build.0 = Debug|Any CPU
		{C0A4BB1F-6D85-4D32-A233-D104D0E6BCD7}.Release|Any CPU.ActiveCfg = Release|Any CPU
		{C0A4BB1F-6D85-4D32-A233-D104D0E6BCD7}.Release|Any CPU.Build.0 = Release|Any CPU
	EndGlobalSection
	GlobalSection(SolutionProperties) = preSolution
		HideSolutionNode = FALSE
	EndGlobalSection
EndGlobal
